{
  "nodes": {
    "flake-utils": {
      "inputs": {
        "systems": "systems"
      },
      "locked": {
        "lastModified": 1731533236,
        "narHash": "sha256-l0KFg5HjrsfsO/JpG+r7fRrqm12kzFHyUHqHCVpMMbI=",
        "owner": "numtide",
        "repo": "flake-utils",
        "rev": "11707dc2f618dd54ca8739b309ec4fc024de578b",
        "type": "github"
      },
      "original": {
        "owner": "numtide",
        "repo": "flake-utils",
        "type": "github"
      }
    },
    "glasgow": {
      "flake": false,
      "locked": {
        "lastModified": 1751042978,
        "narHash": "sha256-yovfgpOPwnpuh3GRDhO9JJJbZQWBhBFvby9xsh9UzfA=",
        "owner": "GlasgowEmbedded",
        "repo": "Glasgow",
        "rev": "b078da605ccda01ad25f49c337b9430ede0ae44c",
        "type": "github"
      },
      "original": {
        "owner": "GlasgowEmbedded",
        "repo": "Glasgow",
        "type": "github"
      }
    },
    "libfx2": {
      "flake": false,
      "locked": {
        "lastModified": 1706285465,
        "narHash": "sha256-PtWxjT+97+EeNMN36zOT1+ost/w3lRRkaON3Cl3dpp4=",
        "owner": "whitequark",
        "repo": "libfx2",
        "rev": "0aac42849cd98122e5bbc4e94b92a109e88da463",
        "type": "github"
      },
      "original": {
        "owner": "whitequark",
        "ref": "v0.13",
        "repo": "libfx2",
        "type": "github"
      }
    },
    "migen": {
      "flake": false,
      "locked": {
        "lastModified": 1749544952,
        "narHash": "sha256-NshlPiORBHWljSUP5bB7YBxe7k8dW0t8UXOsIq2EK8I=",
        "owner": "m-labs",
        "repo": "migen",
        "rev": "6e3a9e150fb006dabc4b55043d3af18dbfecd7e8",
        "type": "github"
      },
      "original": {
        "owner": "m-labs",
        "repo": "migen",
        "type": "github"
      }
    },
    "nixpkgs": {
      "locked": {
        "lastModified": 1751125002,
        "narHash": "sha256-DcQaq0WDxTWoEPErSYS90FjMUI4Q+LyT7QdmelT3Q1A=",
        "owner": "nixos",
        "repo": "nixpkgs",
        "rev": "9f78ac9c1d3fb12b77bcc2e346a4f0fc0603f8ba",
        "type": "github"
      },
      "original": {
        "owner": "nixos",
        "repo": "nixpkgs",
        "type": "github"
      }
    },
    "root": {
      "inputs": {
        "flake-utils": "flake-utils",
        "glasgow": "glasgow",
        "libfx2": "libfx2",
        "migen": "migen",
        "nixpkgs": "nixpkgs"
      }
    },
    "systems": {
      "locked": {
        "lastModified": 1681028828,
        "narHash": "sha256-Vy1rq5AaRuLzOxct8nz4T6wlgyUR7zLU309k9mBC768=",
        "owner": "nix-systems",
        "repo": "default",
        "rev": "da67096a3b9bf56a91d16901293e51ba5b49a27e",
        "type": "github"
      },
      "original": {
        "owner": "nix-systems",
        "repo": "default",
        "type": "github"
      }
    }
  },
  "root": "root",
  "version": 7
}
